
Microsoft Visual Studio Solution File, Format Version 12.00
# Visual Studio Version 17
VisualStudioVersion = 17.5.002.0
MinimumVisualStudioVersion = 10.0.40219.1
Project("{9A19103F-16F7-4668-BE54-9A1E7A4F7556}") = "aula_2", "Aula_2\aula_2.csproj", "{5F0D2078-1983-4DAB-9F19-2265FF521447}"
EndProject
Project("{9A19103F-16F7-4668-BE54-9A1E7A4F7556}") = "Aula_3", "Aula_3\Aula_3.csproj", "{0EC45ED7-8A28-40DB-A999-3AED26E28ABB}"
EndProject
Project("{9A19103F-16F7-4668-BE54-9A1E7A4F7556}") = "Aula_4", "Aula_4\Aula_4.csproj", "{1DDBD652-15EA-4C6E-BA0E-AB122A6B0F92}"
EndProject
Project("{9A19103F-16F7-4668-BE54-9A1E7A4F7556}") = "Aula_5", "Aula_5\Aula_5.csproj", "{B2DEC9E2-7A3C-409D-9B49-49DD5B51CE3D}"
EndProject
Project("{9A19103F-16F7-4668-BE54-9A1E7A4F7556}") = "Aula_6", "Aula_6\Aula_6.csproj", "{F9B18B4A-38F8-4333-BBA7-7D34777105F8}"
EndProject
Project("{9A19103F-16F7-4668-BE54-9A1E7A4F7556}") = "Aula_7", "Aula_7\Aula_7.csproj", "{800A23C9-79AB-4674-9531-AEA0B4680FD4}"
EndProject
Project("{2150E333-8FDC-42A3-9474-1A3956D46DE8}") = "Aula_1", "Aula_1", "{42EDCA31-9095-45D9-9ED1-BC79B509E8D2}"
EndProject
Project("{9A19103F-16F7-4668-BE54-9A1E7A4F7556}") = "Exemplo_1", "Aula_1\Exemplo_1\Exemplo_1.csproj", "{8C23485E-7B99-42D1-8B44-3656D7F1B6F1}"
EndProject
Project("{FAE04EC0-301F-11D3-BF4B-00C04F79EFBC}") = "Aula_11", "Aula_11\Aula_11.csproj", "{9DFA960D-61B3-48A3-BC88-EF42AF6EC7F3}"
EndProject
Project("{FAE04EC0-301F-11D3-BF4B-00C04F79EFBC}") = "Aula_12", "Aula_12\Aula_12.csproj", "{BF92F637-06D0-4421-8A61-F19E57471058}"
EndProject
Project("{FAE04EC0-301F-11D3-BF4B-00C04F79EFBC}") = "desafio_2", "desafio_2\desafio_2.csproj", "{BA0693A4-BDBA-4353-AC8E-9807E0B96120}"
EndProject
Project("{FAE04EC0-301F-11D3-BF4B-00C04F79EFBC}") = "Aula_14", "Aula_14\Aula_14.csproj", "{2A5AAFE3-44B4-4890-9909-E721AA10FB2C}"
EndProject
Project("{FAE04EC0-301F-11D3-BF4B-00C04F79EFBC}") = "Aula_15_OO", "Aula_15_OO\Aula_15_OO.csproj", "{1EF81318-DB90-4C6A-ABDF-1AE6462C6A59}"
EndProject
Project("{FAE04EC0-301F-11D3-BF4B-00C04F79EFBC}") = "Aula_16_OO", "Aula_16_OO\Aula_16_OO.csproj", "{D5DD57A0-6EE3-4E23-B0DE-1FC4C758A3A2}"
EndProject
Project("{FAE04EC0-301F-11D3-BF4B-00C04F79EFBC}") = "Aula_16_OO_Heranca", "Aula_16_OO_Heranca\Aula_16_OO_Heranca.csproj", "{779DAFD1-7076-4CBC-A204-AF7B3AA7467B}"
EndProject
Project("{2150E333-8FDC-42A3-9474-1A3956D46DE8}") = "Aula_16_OO_Heranca", "Aula_16_OO_Heranca", "{E50366F2-2581-4601-B959-3769CED368DB}"
EndProject
Project("{FAE04EC0-301F-11D3-BF4B-00C04F79EFBC}") = "Animal_Heranca", "Aula_16_OO_Heranca\Animal_Heranca\Animal_Heranca.csproj", "{CBDDD9E1-3B3E-4F96-BCCC-E90248399540}"
EndProject
Project("{FAE04EC0-301F-11D3-BF4B-00C04F79EFBC}") = "Empresa_Heranca", "Aula_16_OO_Heranca\Empresa_Heranca\Empresa_Heranca.csproj", "{1BAF7C09-1326-449C-8FFF-3390F845264D}"
EndProject
Project("{FAE04EC0-301F-11D3-BF4B-00C04F79EFBC}") = "Aula17_OO", "Aula17_OO\Aula17_OO.csproj", "{BA952B9A-7664-4799-A675-7B7192B1C9A1}"
EndProject
Project("{FAE04EC0-301F-11D3-BF4B-00C04F79EFBC}") = "Aula_17_OO_Visibilidade", "Aula_17_OO_Visibilidade\Aula_17_OO_Visibilidade.csproj", "{D1ADA59B-999B-46D5-810B-034AAAF7A10D}"
EndProject
Project("{FAE04EC0-301F-11D3-BF4B-00C04F79EFBC}") = "Aula_18_OO_Encapsulamento", "Aula_18_OO_Encapsulamento\Aula_18_OO_Encapsulamento.csproj", "{51660A52-F025-456E-A560-FEE5ED94FFEC}"
EndProject
Project("{FAE04EC0-301F-11D3-BF4B-00C04F79EFBC}") = "Aula_19_OO_Interface", "Aula_19_OO_Interface\Aula_19_OO_Interface.csproj", "{7827C100-4BC3-46DF-A953-31B3D04E969B}"
EndProject
Project("{FAE04EC0-301F-11D3-BF4B-00C04F79EFBC}") = "Aula_18_OO_Exercicio", "Aula_18_OO_Exercicio\Aula_18_OO_Exercicio.csproj", "{42F2BCD6-38AD-4AF7-B6BC-2B2AE324773A}"
EndProject
Project("{FAE04EC0-301F-11D3-BF4B-00C04F79EFBC}") = "Aula_19_OO_Interface_Exercicio", "Aula_19_OO_Interface_Exercicio\Aula_19_OO_Interface_Exercicio.csproj", "{6985309A-C8F8-4425-BAF5-AF1357501852}"
EndProject
Project("{FAE04EC0-301F-11D3-BF4B-00C04F79EFBC}") = "Aula_19_OO_Relacoes", "Aula_19_OO_Relacoes\Aula_19_OO_Relacoes.csproj", "{7A654CA6-1686-46C4-878C-2E8AA29EA0B5}"
EndProject
Project("{FAE04EC0-301F-11D3-BF4B-00C04F79EFBC}") = "Aula_20_OO_Relacoes", "Aula_20_OO_Relacoes\Aula_20_OO_Relacoes.csproj", "{FBB5BA79-3603-40C2-A133-9EFA76767A0F}"
EndProject
Project("{FAE04EC0-301F-11D3-BF4B-00C04F79EFBC}") = "Aula_20_OO_Relacoes_Exercicio", "Aula_20_OO_Relacoes_Exercicio\Aula_20_OO_Relacoes_Exercicio.csproj", "{F7BFE40D-1287-44C0-906C-2BBF302847CD}"
EndProject
Global
	GlobalSection(SolutionConfigurationPlatforms) = preSolution
		Debug|Any CPU = Debug|Any CPU
		Release|Any CPU = Release|Any CPU
	EndGlobalSection
	GlobalSection(ProjectConfigurationPlatforms) = postSolution
		{5F0D2078-1983-4DAB-9F19-2265FF521447}.Debug|Any CPU.ActiveCfg = Debug|Any CPU
		{5F0D2078-1983-4DAB-9F19-2265FF521447}.Debug|Any CPU.Build.0 = Debug|Any CPU
		{5F0D2078-1983-4DAB-9F19-2265FF521447}.Release|Any CPU.ActiveCfg = Release|Any CPU
		{5F0D2078-1983-4DAB-9F19-2265FF521447}.Release|Any CPU.Build.0 = Release|Any CPU
		{0EC45ED7-8A28-40DB-A999-3AED26E28ABB}.Debug|Any CPU.ActiveCfg = Debug|Any CPU
		{0EC45ED7-8A28-40DB-A999-3AED26E28ABB}.Debug|Any CPU.Build.0 = Debug|Any CPU
		{0EC45ED7-8A28-40DB-A999-3AED26E28ABB}.Release|Any CPU.ActiveCfg = Release|Any CPU
		{0EC45ED7-8A28-40DB-A999-3AED26E28ABB}.Release|Any CPU.Build.0 = Release|Any CPU
		{1DDBD652-15EA-4C6E-BA0E-AB122A6B0F92}.Debug|Any CPU.ActiveCfg = Debug|Any CPU
		{1DDBD652-15EA-4C6E-BA0E-AB122A6B0F92}.Debug|Any CPU.Build.0 = Debug|Any CPU
		{1DDBD652-15EA-4C6E-BA0E-AB122A6B0F92}.Release|Any CPU.ActiveCfg = Release|Any CPU
		{1DDBD652-15EA-4C6E-BA0E-AB122A6B0F92}.Release|Any CPU.Build.0 = Release|Any CPU
		{B2DEC9E2-7A3C-409D-9B49-49DD5B51CE3D}.Debug|Any CPU.ActiveCfg = Debug|Any CPU
		{B2DEC9E2-7A3C-409D-9B49-49DD5B51CE3D}.Debug|Any CPU.Build.0 = Debug|Any CPU
		{B2DEC9E2-7A3C-409D-9B49-49DD5B51CE3D}.Release|Any CPU.ActiveCfg = Release|Any CPU
		{B2DEC9E2-7A3C-409D-9B49-49DD5B51CE3D}.Release|Any CPU.Build.0 = Release|Any CPU
		{F9B18B4A-38F8-4333-BBA7-7D34777105F8}.Debug|Any CPU.ActiveCfg = Debug|Any CPU
		{F9B18B4A-38F8-4333-BBA7-7D34777105F8}.Debug|Any CPU.Build.0 = Debug|Any CPU
		{F9B18B4A-38F8-4333-BBA7-7D34777105F8}.Release|Any CPU.ActiveCfg = Release|Any CPU
		{F9B18B4A-38F8-4333-BBA7-7D34777105F8}.Release|Any CPU.Build.0 = Release|Any CPU
		{800A23C9-79AB-4674-9531-AEA0B4680FD4}.Debug|Any CPU.ActiveCfg = Debug|Any CPU
		{800A23C9-79AB-4674-9531-AEA0B4680FD4}.Debug|Any CPU.Build.0 = Debug|Any CPU
		{800A23C9-79AB-4674-9531-AEA0B4680FD4}.Release|Any CPU.ActiveCfg = Release|Any CPU
		{800A23C9-79AB-4674-9531-AEA0B4680FD4}.Release|Any CPU.Build.0 = Release|Any CPU
		{8C23485E-7B99-42D1-8B44-3656D7F1B6F1}.Debug|Any CPU.ActiveCfg = Debug|Any CPU
		{8C23485E-7B99-42D1-8B44-3656D7F1B6F1}.Debug|Any CPU.Build.0 = Debug|Any CPU
		{8C23485E-7B99-42D1-8B44-3656D7F1B6F1}.Release|Any CPU.ActiveCfg = Release|Any CPU
		{8C23485E-7B99-42D1-8B44-3656D7F1B6F1}.Release|Any CPU.Build.0 = Release|Any CPU
		{74569FA4-4F72-4EB4-A672-5243DD4E1617}.Debug|Any CPU.ActiveCfg = Debug|Any CPU
		{74569FA4-4F72-4EB4-A672-5243DD4E1617}.Debug|Any CPU.Build.0 = Debug|Any CPU
		{74569FA4-4F72-4EB4-A672-5243DD4E1617}.Release|Any CPU.ActiveCfg = Release|Any CPU
		{74569FA4-4F72-4EB4-A672-5243DD4E1617}.Release|Any CPU.Build.0 = Release|Any CPU
		{9DFA960D-61B3-48A3-BC88-EF42AF6EC7F3}.Debug|Any CPU.ActiveCfg = Debug|Any CPU
		{9DFA960D-61B3-48A3-BC88-EF42AF6EC7F3}.Debug|Any CPU.Build.0 = Debug|Any CPU
		{9DFA960D-61B3-48A3-BC88-EF42AF6EC7F3}.Release|Any CPU.ActiveCfg = Release|Any CPU
		{9DFA960D-61B3-48A3-BC88-EF42AF6EC7F3}.Release|Any CPU.Build.0 = Release|Any CPU
		{BF92F637-06D0-4421-8A61-F19E57471058}.Debug|Any CPU.ActiveCfg = Debug|Any CPU
		{BF92F637-06D0-4421-8A61-F19E57471058}.Debug|Any CPU.Build.0 = Debug|Any CPU
		{BF92F637-06D0-4421-8A61-F19E57471058}.Release|Any CPU.ActiveCfg = Release|Any CPU
		{BF92F637-06D0-4421-8A61-F19E57471058}.Release|Any CPU.Build.0 = Release|Any CPU
		{996D5C14-A605-4151-A782-A92FE7E2279A}.Debug|Any CPU.ActiveCfg = Debug|Any CPU
		{996D5C14-A605-4151-A782-A92FE7E2279A}.Debug|Any CPU.Build.0 = Debug|Any CPU
		{996D5C14-A605-4151-A782-A92FE7E2279A}.Release|Any CPU.ActiveCfg = Release|Any CPU
		{996D5C14-A605-4151-A782-A92FE7E2279A}.Release|Any CPU.Build.0 = Release|Any CPU
		{BA0693A4-BDBA-4353-AC8E-9807E0B96120}.Debug|Any CPU.ActiveCfg = Debug|Any CPU
		{BA0693A4-BDBA-4353-AC8E-9807E0B96120}.Debug|Any CPU.Build.0 = Debug|Any CPU
		{BA0693A4-BDBA-4353-AC8E-9807E0B96120}.Release|Any CPU.ActiveCfg = Release|Any CPU
		{BA0693A4-BDBA-4353-AC8E-9807E0B96120}.Release|Any CPU.Build.0 = Release|Any CPU
		{2A5AAFE3-44B4-4890-9909-E721AA10FB2C}.Debug|Any CPU.ActiveCfg = Debug|Any CPU
		{2A5AAFE3-44B4-4890-9909-E721AA10FB2C}.Debug|Any CPU.Build.0 = Debug|Any CPU
		{2A5AAFE3-44B4-4890-9909-E721AA10FB2C}.Release|Any CPU.ActiveCfg = Release|Any CPU
		{2A5AAFE3-44B4-4890-9909-E721AA10FB2C}.Release|Any CPU.Build.0 = Release|Any CPU
		{1D5D517C-6874-4A98-A856-3517EB3C1D6E}.Debug|Any CPU.ActiveCfg = Debug|Any CPU
		{1D5D517C-6874-4A98-A856-3517EB3C1D6E}.Debug|Any CPU.Build.0 = Debug|Any CPU
		{1D5D517C-6874-4A98-A856-3517EB3C1D6E}.Release|Any CPU.ActiveCfg = Release|Any CPU
		{1D5D517C-6874-4A98-A856-3517EB3C1D6E}.Release|Any CPU.Build.0 = Release|Any CPU
		{1EF81318-DB90-4C6A-ABDF-1AE6462C6A59}.Debug|Any CPU.ActiveCfg = Debug|Any CPU
		{1EF81318-DB90-4C6A-ABDF-1AE6462C6A59}.Debug|Any CPU.Build.0 = Debug|Any CPU
		{1EF81318-DB90-4C6A-ABDF-1AE6462C6A59}.Release|Any CPU.ActiveCfg = Release|Any CPU
		{1EF81318-DB90-4C6A-ABDF-1AE6462C6A59}.Release|Any CPU.Build.0 = Release|Any CPU
		{D5DD57A0-6EE3-4E23-B0DE-1FC4C758A3A2}.Debug|Any CPU.ActiveCfg = Debug|Any CPU
		{D5DD57A0-6EE3-4E23-B0DE-1FC4C758A3A2}.Debug|Any CPU.Build.0 = Debug|Any CPU
		{D5DD57A0-6EE3-4E23-B0DE-1FC4C758A3A2}.Release|Any CPU.ActiveCfg = Release|Any CPU
		{D5DD57A0-6EE3-4E23-B0DE-1FC4C758A3A2}.Release|Any CPU.Build.0 = Release|Any CPU
		{A85D6E98-51B4-40CC-9D53-52B86EEF9E67}.Debug|Any CPU.ActiveCfg = Debug|Any CPU
		{A85D6E98-51B4-40CC-9D53-52B86EEF9E67}.Debug|Any CPU.Build.0 = Debug|Any CPU
		{A85D6E98-51B4-40CC-9D53-52B86EEF9E67}.Release|Any CPU.ActiveCfg = Release|Any CPU
		{A85D6E98-51B4-40CC-9D53-52B86EEF9E67}.Release|Any CPU.Build.0 = Release|Any CPU
		{7300D7B2-13B4-4962-8811-64E53527C93E}.Debug|Any CPU.ActiveCfg = Debug|Any CPU
		{7300D7B2-13B4-4962-8811-64E53527C93E}.Debug|Any CPU.Build.0 = Debug|Any CPU
		{7300D7B2-13B4-4962-8811-64E53527C93E}.Release|Any CPU.ActiveCfg = Release|Any CPU
		{7300D7B2-13B4-4962-8811-64E53527C93E}.Release|Any CPU.Build.0 = Release|Any CPU
		{779DAFD1-7076-4CBC-A204-AF7B3AA7467B}.Debug|Any CPU.ActiveCfg = Debug|Any CPU
		{779DAFD1-7076-4CBC-A204-AF7B3AA7467B}.Debug|Any CPU.Build.0 = Debug|Any CPU
		{779DAFD1-7076-4CBC-A204-AF7B3AA7467B}.Release|Any CPU.ActiveCfg = Release|Any CPU
		{779DAFD1-7076-4CBC-A204-AF7B3AA7467B}.Release|Any CPU.Build.0 = Release|Any CPU
		{CBDDD9E1-3B3E-4F96-BCCC-E90248399540}.Debug|Any CPU.ActiveCfg = Debug|Any CPU
		{CBDDD9E1-3B3E-4F96-BCCC-E90248399540}.Debug|Any CPU.Build.0 = Debug|Any CPU
		{CBDDD9E1-3B3E-4F96-BCCC-E90248399540}.Release|Any CPU.ActiveCfg = Release|Any CPU
		{CBDDD9E1-3B3E-4F96-BCCC-E90248399540}.Release|Any CPU.Build.0 = Release|Any CPU
		{1BAF7C09-1326-449C-8FFF-3390F845264D}.Debug|Any CPU.ActiveCfg = Debug|Any CPU
		{1BAF7C09-1326-449C-8FFF-3390F845264D}.Debug|Any CPU.Build.0 = Debug|Any CPU
		{1BAF7C09-1326-449C-8FFF-3390F845264D}.Release|Any CPU.ActiveCfg = Release|Any CPU
		{1BAF7C09-1326-449C-8FFF-3390F845264D}.Release|Any CPU.Build.0 = Release|Any CPU
		{BA952B9A-7664-4799-A675-7B7192B1C9A1}.Debug|Any CPU.ActiveCfg = Debug|Any CPU
		{BA952B9A-7664-4799-A675-7B7192B1C9A1}.Debug|Any CPU.Build.0 = Debug|Any CPU
		{BA952B9A-7664-4799-A675-7B7192B1C9A1}.Release|Any CPU.ActiveCfg = Release|Any CPU
		{BA952B9A-7664-4799-A675-7B7192B1C9A1}.Release|Any CPU.Build.0 = Release|Any CPU
		{D1ADA59B-999B-46D5-810B-034AAAF7A10D}.Debug|Any CPU.ActiveCfg = Debug|Any CPU
		{D1ADA59B-999B-46D5-810B-034AAAF7A10D}.Debug|Any CPU.Build.0 = Debug|Any CPU
		{D1ADA59B-999B-46D5-810B-034AAAF7A10D}.Release|Any CPU.ActiveCfg = Release|Any CPU
		{D1ADA59B-999B-46D5-810B-034AAAF7A10D}.Release|Any CPU.Build.0 = Release|Any CPU
		{51660A52-F025-456E-A560-FEE5ED94FFEC}.Debug|Any CPU.ActiveCfg = Debug|Any CPU
		{51660A52-F025-456E-A560-FEE5ED94FFEC}.Debug|Any CPU.Build.0 = Debug|Any CPU
		{51660A52-F025-456E-A560-FEE5ED94FFEC}.Release|Any CPU.ActiveCfg = Release|Any CPU
		{51660A52-F025-456E-A560-FEE5ED94FFEC}.Release|Any CPU.Build.0 = Release|Any CPU
		{7827C100-4BC3-46DF-A953-31B3D04E969B}.Debug|Any CPU.ActiveCfg = Debug|Any CPU
		{7827C100-4BC3-46DF-A953-31B3D04E969B}.Debug|Any CPU.Build.0 = Debug|Any CPU
		{7827C100-4BC3-46DF-A953-31B3D04E969B}.Release|Any CPU.ActiveCfg = Release|Any CPU
		{7827C100-4BC3-46DF-A953-31B3D04E969B}.Release|Any CPU.Build.0 = Release|Any CPU
		{42F2BCD6-38AD-4AF7-B6BC-2B2AE324773A}.Debug|Any CPU.ActiveCfg = Debug|Any CPU
		{42F2BCD6-38AD-4AF7-B6BC-2B2AE324773A}.Debug|Any CPU.Build.0 = Debug|Any CPU
		{42F2BCD6-38AD-4AF7-B6BC-2B2AE324773A}.Release|Any CPU.ActiveCfg = Release|Any CPU
		{42F2BCD6-38AD-4AF7-B6BC-2B2AE324773A}.Release|Any CPU.Build.0 = Release|Any CPU
		{6985309A-C8F8-4425-BAF5-AF1357501852}.Debug|Any CPU.ActiveCfg = Debug|Any CPU
		{6985309A-C8F8-4425-BAF5-AF1357501852}.Debug|Any CPU.Build.0 = Debug|Any CPU
		{6985309A-C8F8-4425-BAF5-AF1357501852}.Release|Any CPU.ActiveCfg = Release|Any CPU
		{6985309A-C8F8-4425-BAF5-AF1357501852}.Release|Any CPU.Build.0 = Release|Any CPU
		{7A654CA6-1686-46C4-878C-2E8AA29EA0B5}.Debug|Any CPU.ActiveCfg = Debug|Any CPU
		{7A654CA6-1686-46C4-878C-2E8AA29EA0B5}.Debug|Any CPU.Build.0 = Debug|Any CPU
		{7A654CA6-1686-46C4-878C-2E8AA29EA0B5}.Release|Any CPU.ActiveCfg = Release|Any CPU
		{7A654CA6-1686-46C4-878C-2E8AA29EA0B5}.Release|Any CPU.Build.0 = Release|Any CPU
		{FBB5BA79-3603-40C2-A133-9EFA76767A0F}.Debug|Any CPU.ActiveCfg = Debug|Any CPU
		{FBB5BA79-3603-40C2-A133-9EFA76767A0F}.Debug|Any CPU.Build.0 = Debug|Any CPU
		{FBB5BA79-3603-40C2-A133-9EFA76767A0F}.Release|Any CPU.ActiveCfg = Release|Any CPU
		{FBB5BA79-3603-40C2-A133-9EFA76767A0F}.Release|Any CPU.Build.0 = Release|Any CPU
		{F7BFE40D-1287-44C0-906C-2BBF302847CD}.Debug|Any CPU.ActiveCfg = Debug|Any CPU
		{F7BFE40D-1287-44C0-906C-2BBF302847CD}.Debug|Any CPU.Build.0 = Debug|Any CPU
		{F7BFE40D-1287-44C0-906C-2BBF302847CD}.Release|Any CPU.ActiveCfg = Release|Any CPU
		{F7BFE40D-1287-44C0-906C-2BBF302847CD}.Release|Any CPU.Build.0 = Release|Any CPU
	EndGlobalSection
	GlobalSection(SolutionProperties) = preSolution
		HideSolutionNode = FALSE
	EndGlobalSection
	GlobalSection(NestedProjects) = preSolution
		{8C23485E-7B99-42D1-8B44-3656D7F1B6F1} = {42EDCA31-9095-45D9-9ED1-BC79B509E8D2}
		{A85D6E98-51B4-40CC-9D53-52B86EEF9E67} = {E1F0E826-9F94-4D84-AF5D-12B6CEA7A216}
		{7300D7B2-13B4-4962-8811-64E53527C93E} = {E1F0E826-9F94-4D84-AF5D-12B6CEA7A216}
		{779DAFD1-7076-4CBC-A204-AF7B3AA7467B} = {E50366F2-2581-4601-B959-3769CED368DB}
		{CBDDD9E1-3B3E-4F96-BCCC-E90248399540} = {E50366F2-2581-4601-B959-3769CED368DB}
		{1BAF7C09-1326-449C-8FFF-3390F845264D} = {E50366F2-2581-4601-B959-3769CED368DB}
	EndGlobalSection
	GlobalSection(ExtensibilityGlobals) = postSolution
		SolutionGuid = {813E17BE-127B-4F6C-A2EE-C5887F6CD907}
	EndGlobalSection
EndGlobal
